
Microsoft Visual Studio Solution File, Format Version 12.00
# Visual Studio 2012
Project("{FAE04EC0-301F-11D3-BF4B-00C04F79EFBC}") = "Example01", "Example01\Example01.csproj", "{7AEE5505-403C-4F6F-A232-E6ACCA0C4425}"
EndProject
Project("{FAE04EC0-301F-11D3-BF4B-00C04F79EFBC}") = "Example02", "Example02\Example02.csproj", "{860E1D3C-A776-4B40-B6EA-DBB40B680A45}"
EndProject
Project("{FAE04EC0-301F-11D3-BF4B-00C04F79EFBC}") = "Example03", "Example03\Example03.csproj", "{24794555-25D5-4691-BAFF-89501031EB8D}"
EndProject
Global
	GlobalSection(SolutionConfigurationPlatforms) = preSolution
		Debug|Any CPU = Debug|Any CPU
		Release|Any CPU = Release|Any CPU
	EndGlobalSection
	GlobalSection(ProjectConfigurationPlatforms) = postSolution
		{7AEE5505-403C-4F6F-A232-E6ACCA0C4425}.Debug|Any CPU.ActiveCfg = Debug|Any CPU
		{7AEE5505-403C-4F6F-A232-E6ACCA0C4425}.Debug|Any CPU.Build.0 = Debug|Any CPU
		{7AEE5505-403C-4F6F-A232-E6ACCA0C4425}.Release|Any CPU.ActiveCfg = Release|Any CPU
		{7AEE5505-403C-4F6F-A232-E6ACCA0C4425}.Release|Any CPU.Build.0 = Release|Any CPU
		{860E1D3C-A776-4B40-B6EA-DBB40B680A45}.Debug|Any CPU.ActiveCfg = Debug|Any CPU
		{860E1D3C-A776-4B40-B6EA-DBB40B680A45}.Debug|Any CPU.Build.0 = Debug|Any CPU
		{860E1D3C-A776-4B40-B6EA-DBB40B680A45}.Release|Any CPU.ActiveCfg = Release|Any CPU
		{860E1D3C-A776-4B40-B6EA-DBB40B680A45}.Release|Any CPU.Build.0 = Release|Any CPU
		{24794555-25D5-4691-BAFF-89501031EB8D}.Debug|Any CPU.ActiveCfg = Debug|Any CPU
		{24794555-25D5-4691-BAFF-89501031EB8D}.Debug|Any CPU.Build.0 = Debug|Any CPU
		{24794555-25D5-4691-BAFF-89501031EB8D}.Release|Any CPU.ActiveCfg = Release|Any CPU
		{24794555-25D5-4691-BAFF-89501031EB8D}.Release|Any CPU.Build.0 = Release|Any CPU
	EndGlobalSection
	GlobalSection(SolutionProperties) = preSolution
		HideSolutionNode = FALSE
	EndGlobalSection
EndGlobal
